
Microsoft Visual Studio Solution File, Format Version 12.00
# Visual Studio Version 17
VisualStudioVersion = 17.10.35122.118
MinimumVisualStudioVersion = 10.0.40219.1
Project("{FAE04EC0-301F-11D3-BF4B-00C04F79EFBC}") = "Puerto Rico", "Puerto Rico.csproj", "{86543D70-DD1F-4782-9EEA-1C55B4DF0F6F}"
EndProject
Global
	GlobalSection(SolutionConfigurationPlatforms) = preSolution
		Debug|Any CPU = Debug|Any CPU
		Release|Any CPU = Release|Any CPU
	EndGlobalSection
	GlobalSection(ProjectConfigurationPlatforms) = postSolution
		{86543D70-DD1F-4782-9EEA-1C55B4DF0F6F}.Debug|Any CPU.ActiveCfg = Debug|Any CPU
		{86543D70-DD1F-4782-9EEA-1C55B4DF0F6F}.Debug|Any CPU.Build.0 = Debug|Any CPU
		{86543D70-DD1F-4782-9EEA-1C55B4DF0F6F}.Release|Any CPU.ActiveCfg = Release|Any CPU
		{86543D70-DD1F-4782-9EEA-1C55B4DF0F6F}.Release|Any CPU.Build.0 = Release|Any CPU
	EndGlobalSection
	GlobalSection(SolutionProperties) = preSolution
		HideSolutionNode = FALSE
	EndGlobalSection
	GlobalSection(ExtensibilityGlobals) = postSolution
		SolutionGuid = {2516D07F-C91D-4F10-88E5-9C9F44AB9837}
	EndGlobalSection
EndGlobal
